
Microsoft Visual Studio Solution File, Format Version 12.00
# Visual Studio Version 17
VisualStudioVersion = 17.7.34031.279
MinimumVisualStudioVersion = 10.0.40219.1
Project("{2150E333-8FDC-42A3-9474-1A3956D46DE8}") = "Adapters", "Adapters", "{18B610E5-C710-40B9-AEE4-E7582CE772D3}"
EndProject
Project("{2150E333-8FDC-42A3-9474-1A3956D46DE8}") = "Secondary", "Secondary", "{2A8D6F8A-5C9B-4D32-A0D3-75DD6B5962AD}"
EndProject
Project("{2150E333-8FDC-42A3-9474-1A3956D46DE8}") = "Core", "Core", "{7F853B18-5A6F-45CB-8A66-A5446C5F847F}"
EndProject
Project("{FAE04EC0-301F-11D3-BF4B-00C04F79EFBC}") = "Domain", "Domain\Domain.csproj", "{9A9EEB8D-0799-4940-98EB-9D1789D93E09}"
EndProject
Project("{FAE04EC0-301F-11D3-BF4B-00C04F79EFBC}") = "Application", "Application\Application.csproj", "{F50A3309-E6EA-4672-AD00-9A4B7BE523AC}"
EndProject
Project("{FAE04EC0-301F-11D3-BF4B-00C04F79EFBC}") = "Infra.Data", "Infra.Data\Infra.Data.csproj", "{E0D3D4D5-3D13-4ABE-A9CF-1AA526BD55B4}"
EndProject
Project("{FAE04EC0-301F-11D3-BF4B-00C04F79EFBC}") = "Infra.Email", "Infra.Email\Infra.Email.csproj", "{2039C0CE-46D8-4C4D-A0F9-0AABBADBBF17}"
EndProject
Project("{2150E333-8FDC-42A3-9474-1A3956D46DE8}") = "Primary", "Primary", "{7E37487E-3F59-4206-9F1E-17B33D776EC4}"
EndProject
Project("{FAE04EC0-301F-11D3-BF4B-00C04F79EFBC}") = "API", "API\API.csproj", "{31C703A6-C60B-486E-8E09-907B34DEEDCA}"
EndProject
Global
	GlobalSection(SolutionConfigurationPlatforms) = preSolution
		Debug|Any CPU = Debug|Any CPU
		Release|Any CPU = Release|Any CPU
	EndGlobalSection
	GlobalSection(ProjectConfigurationPlatforms) = postSolution
		{9A9EEB8D-0799-4940-98EB-9D1789D93E09}.Debug|Any CPU.ActiveCfg = Debug|Any CPU
		{9A9EEB8D-0799-4940-98EB-9D1789D93E09}.Debug|Any CPU.Build.0 = Debug|Any CPU
		{9A9EEB8D-0799-4940-98EB-9D1789D93E09}.Release|Any CPU.ActiveCfg = Release|Any CPU
		{9A9EEB8D-0799-4940-98EB-9D1789D93E09}.Release|Any CPU.Build.0 = Release|Any CPU
		{F50A3309-E6EA-4672-AD00-9A4B7BE523AC}.Debug|Any CPU.ActiveCfg = Debug|Any CPU
		{F50A3309-E6EA-4672-AD00-9A4B7BE523AC}.Debug|Any CPU.Build.0 = Debug|Any CPU
		{F50A3309-E6EA-4672-AD00-9A4B7BE523AC}.Release|Any CPU.ActiveCfg = Release|Any CPU
		{F50A3309-E6EA-4672-AD00-9A4B7BE523AC}.Release|Any CPU.Build.0 = Release|Any CPU
		{E0D3D4D5-3D13-4ABE-A9CF-1AA526BD55B4}.Debug|Any CPU.ActiveCfg = Debug|Any CPU
		{E0D3D4D5-3D13-4ABE-A9CF-1AA526BD55B4}.Debug|Any CPU.Build.0 = Debug|Any CPU
		{E0D3D4D5-3D13-4ABE-A9CF-1AA526BD55B4}.Release|Any CPU.ActiveCfg = Release|Any CPU
		{E0D3D4D5-3D13-4ABE-A9CF-1AA526BD55B4}.Release|Any CPU.Build.0 = Release|Any CPU
		{2039C0CE-46D8-4C4D-A0F9-0AABBADBBF17}.Debug|Any CPU.ActiveCfg = Debug|Any CPU
		{2039C0CE-46D8-4C4D-A0F9-0AABBADBBF17}.Debug|Any CPU.Build.0 = Debug|Any CPU
		{2039C0CE-46D8-4C4D-A0F9-0AABBADBBF17}.Release|Any CPU.ActiveCfg = Release|Any CPU
		{2039C0CE-46D8-4C4D-A0F9-0AABBADBBF17}.Release|Any CPU.Build.0 = Release|Any CPU
		{31C703A6-C60B-486E-8E09-907B34DEEDCA}.Debug|Any CPU.ActiveCfg = Debug|Any CPU
		{31C703A6-C60B-486E-8E09-907B34DEEDCA}.Debug|Any CPU.Build.0 = Debug|Any CPU
		{31C703A6-C60B-486E-8E09-907B34DEEDCA}.Release|Any CPU.ActiveCfg = Release|Any CPU
		{31C703A6-C60B-486E-8E09-907B34DEEDCA}.Release|Any CPU.Build.0 = Release|Any CPU
	EndGlobalSection
	GlobalSection(SolutionProperties) = preSolution
		HideSolutionNode = FALSE
	EndGlobalSection
	GlobalSection(NestedProjects) = preSolution
		{2A8D6F8A-5C9B-4D32-A0D3-75DD6B5962AD} = {18B610E5-C710-40B9-AEE4-E7582CE772D3}
		{9A9EEB8D-0799-4940-98EB-9D1789D93E09} = {7F853B18-5A6F-45CB-8A66-A5446C5F847F}
		{F50A3309-E6EA-4672-AD00-9A4B7BE523AC} = {7F853B18-5A6F-45CB-8A66-A5446C5F847F}
		{E0D3D4D5-3D13-4ABE-A9CF-1AA526BD55B4} = {2A8D6F8A-5C9B-4D32-A0D3-75DD6B5962AD}
		{2039C0CE-46D8-4C4D-A0F9-0AABBADBBF17} = {2A8D6F8A-5C9B-4D32-A0D3-75DD6B5962AD}
		{7E37487E-3F59-4206-9F1E-17B33D776EC4} = {18B610E5-C710-40B9-AEE4-E7582CE772D3}
		{31C703A6-C60B-486E-8E09-907B34DEEDCA} = {7E37487E-3F59-4206-9F1E-17B33D776EC4}
	EndGlobalSection
	GlobalSection(ExtensibilityGlobals) = postSolution
		SolutionGuid = {65F403CC-AE96-4A28-8ACF-AAF2E15C96F5}
	EndGlobalSection
EndGlobal
